{
  "name": "pipe2jpeg",
  "version": "0.2.7",
  "lockfileVersion": 1,
  "requires": true,
  "dependencies": {
    "ffmpeg-static": {
      "version": "2.1.0",
      "resolved": "https://registry.npmjs.org/ffmpeg-static/-/ffmpeg-static-2.1.0.tgz",
      "integrity": "sha512-tSX2l1iuy6BxSMTNCPheERVmYGQf4NvkQ9feNG8dQ9rRsAIOFMfDc80L78IWPh3WhITa+SSf+wmiIeCR7mHTtQ==",
      "dev": true
    }
  }
}
